// !$*UTF8*$!
{
	archiveVersion = 1;
	classes = {
	};
	objectVersion = 50;
	objects = {

/* Begin PBXBuildFile section */
		1EB323D324A32659008BEAF8 /* AppDelegate.swift in Sources */ = {isa = PBXBuildFile; fileRef = 1EB323D224A32659008BEAF8 /* AppDelegate.swift */; };
		1EB323D524A3265A008BEAF8 /* GameScene.sks in Resources */ = {isa = PBXBuildFile; fileRef = 1EB323D424A3265A008BEAF8 /* GameScene.sks */; };
		1EB323D724A3265A008BEAF8 /* Actions.sks in Resources */ = {isa = PBXBuildFile; fileRef = 1EB323D624A3265A008BEAF8 /* Actions.sks */; };
		1EB323D924A3265A008BEAF8 /* GameScene.swift in Sources */ = {isa = PBXBuildFile; fileRef = 1EB323D824A3265A008BEAF8 /* GameScene.swift */; };
		1EB323DB24A3265A008BEAF8 /* GameViewController.swift in Sources */ = {isa = PBXBuildFile; fileRef = 1EB323DA24A3265A008BEAF8 /* GameViewController.swift */; };
		1EB323DE24A3265A008BEAF8 /* Main.storyboard in Resources */ = {isa = PBXBuildFile; fileRef = 1EB323DC24A3265A008BEAF8 /* Main.storyboard */; };
		1EB323E024A3265F008BEAF8 /* Assets.xcassets in Resources */ = {isa = PBXBuildFile; fileRef = 1EB323DF24A3265F008BEAF8 /* Assets.xcassets */; };
		1EB323E324A3265F008BEAF8 /* LaunchScreen.storyboard in Resources */ = {isa = PBXBuildFile; fileRef = 1EB323E124A3265F008BEAF8 /* LaunchScreen.storyboard */; };
		1EB323ED24A3277A008BEAF8 /* MainMenuScene.swift in Sources */ = {isa = PBXBuildFile; fileRef = 1EB323EC24A3277A008BEAF8 /* MainMenuScene.swift */; };
		1EB323F224A884E5008BEAF8 /* ShopScene.swift in Sources */ = {isa = PBXBuildFile; fileRef = 1EB323F124A884E5008BEAF8 /* ShopScene.swift */; };
/* End PBXBuildFile section */

/* Begin PBXFileReference section */
		1EB323CF24A32659008BEAF8 /* PigPopper.app */ = {isa = PBXFileReference; explicitFileType = wrapper.application; includeInIndex = 0; path = PigPopper.app; sourceTree = BUILT_PRODUCTS_DIR; };
		1EB323D224A32659008BEAF8 /* AppDelegate.swift */ = {isa = PBXFileReference; lastKnownFileType = sourcecode.swift; path = AppDelegate.swift; sourceTree = "<group>"; };
		1EB323D424A3265A008BEAF8 /* GameScene.sks */ = {isa = PBXFileReference; lastKnownFileType = file.sks; path = GameScene.sks; sourceTree = "<group>"; };
		1EB323D624A3265A008BEAF8 /* Actions.sks */ = {isa = PBXFileReference; lastKnownFileType = file.sks; path = Actions.sks; sourceTree = "<group>"; };
		1EB323D824A3265A008BEAF8 /* GameScene.swift */ = {isa = PBXFileReference; lastKnownFileType = sourcecode.swift; path = GameScene.swift; sourceTree = "<group>"; };
		1EB323DA24A3265A008BEAF8 /* GameViewController.swift */ = {isa = PBXFileReference; lastKnownFileType = sourcecode.swift; path = GameViewController.swift; sourceTree = "<group>"; };
		1EB323DD24A3265A008BEAF8 /* Base */ = {isa = PBXFileReference; lastKnownFileType = file.storyboard; name = Base; path = Base.lproj/Main.storyboard; sourceTree = "<group>"; };
		1EB323DF24A3265F008BEAF8 /* Assets.xcassets */ = {isa = PBXFileReference; lastKnownFileType = folder.assetcatalog; path = Assets.xcassets; sourceTree = "<group>"; };
		1EB323E224A3265F008BEAF8 /* Base */ = {isa = PBXFileReference; lastKnownFileType = file.storyboard; name = Base; path = Base.lproj/LaunchScreen.storyboard; sourceTree = "<group>"; };
		1EB323E424A3265F008BEAF8 /* Info.plist */ = {isa = PBXFileReference; lastKnownFileType = text.plist.xml; path = Info.plist; sourceTree = "<group>"; };
		1EB323EC24A3277A008BEAF8 /* MainMenuScene.swift */ = {isa = PBXFileReference; lastKnownFileType = sourcecode.swift; path = MainMenuScene.swift; sourceTree = "<group>"; };
		1EB323F124A884E5008BEAF8 /* ShopScene.swift */ = {isa = PBXFileReference; lastKnownFileType = sourcecode.swift; path = ShopScene.swift; sourceTree = "<group>"; };
/* End PBXFileReference section */

/* Begin PBXFrameworksBuildPhase section */
		1EB323CC24A32659008BEAF8 /* Frameworks */ = {
			isa = PBXFrameworksBuildPhase;
			buildActionMask = 2147483647;
			files = (
			);
			runOnlyForDeploymentPostprocessing = 0;
		};
/* End PBXFrameworksBuildPhase section */

/* Begin PBXGroup section */
		1EB323C624A32659008BEAF8 = {
			isa = PBXGroup;
			children = (
				1EB323D124A32659008BEAF8 /* PigPopper */,
				1EB323D024A32659008BEAF8 /* Products */,
			);
			sourceTree = "<group>";
		};
		1EB323D024A32659008BEAF8 /* Products */ = {
			isa = PBXGroup;
			children = (
				1EB323CF24A32659008BEAF8 /* PigPopper.app */,
			);
			name = Products;
			sourceTree = "<group>";
		};
		1EB323D124A32659008BEAF8 /* PigPopper */ = {
			isa = PBXGroup;
			children = (
				1EB323D224A32659008BEAF8 /* AppDelegate.swift */,
				1EB323D424A3265A008BEAF8 /* GameScene.sks */,
				1EB323D624A3265A008BEAF8 /* Actions.sks */,
				1EB323D824A3265A008BEAF8 /* GameScene.swift */,
				1EB323DA24A3265A008BEAF8 /* GameViewController.swift */,
				1EB323DC24A3265A008BEAF8 /* Main.storyboard */,
				1EB323DF24A3265F008BEAF8 /* Assets.xcassets */,
				1EB323E124A3265F008BEAF8 /* LaunchScreen.storyboard */,
				1EB323E424A3265F008BEAF8 /* Info.plist */,
				1EB323EC24A3277A008BEAF8 /* MainMenuScene.swift */,
				1EB323F124A884E5008BEAF8 /* ShopScene.swift */,
			);
			path = PigPopper;
			sourceTree = "<group>";
		};
/* End PBXGroup section */

/* Begin PBXNativeTarget section */
		1EB323CE24A32659008BEAF8 /* PigPopper */ = {
			isa = PBXNativeTarget;
			buildConfigurationList = 1EB323E724A3265F008BEAF8 /* Build configuration list for PBXNativeTarget "PigPopper" */;
			buildPhases = (
				1EB323CB24A32659008BEAF8 /* Sources */,
				1EB323CC24A32659008BEAF8 /* Frameworks */,
				1EB323CD24A32659008BEAF8 /* Resources */,
			);
			buildRules = (
			);
			dependencies = (
			);
			name = PigPopper;
			productName = PigPopper;
			productReference = 1EB323CF24A32659008BEAF8 /* PigPopper.app */;
			productType = "com.apple.product-type.application";
		};
/* End PBXNativeTarget section */

/* Begin PBXProject section */
		1EB323C724A32659008BEAF8 /* Project object */ = {
			isa = PBXProject;
			attributes = {
				LastSwiftUpdateCheck = 1150;
				LastUpgradeCheck = 1150;
				ORGANIZATIONNAME = "Evan Corriere";
				TargetAttributes = {
					1EB323CE24A32659008BEAF8 = {
						CreatedOnToolsVersion = 11.5;
					};
				};
			};
			buildConfigurationList = 1EB323CA24A32659008BEAF8 /* Build configuration list for PBXProject "PigPopper" */;
			compatibilityVersion = "Xcode 9.3";
			developmentRegion = en;
			hasScannedForEncodings = 0;
			knownRegions = (
				en,
				Base,
			);
			mainGroup = 1EB323C624A32659008BEAF8;
			productRefGroup = 1EB323D024A32659008BEAF8 /* Products */;
			projectDirPath = "";
			projectRoot = "";
			targets = (
				1EB323CE24A32659008BEAF8 /* PigPopper */,
			);
		};
/* End PBXProject section */

/* Begin PBXResourcesBuildPhase section */
		1EB323CD24A32659008BEAF8 /* Resources */ = {
			isa = PBXResourcesBuildPhase;
			buildActionMask = 2147483647;
			files = (
				1EB323DE24A3265A008BEAF8 /* Main.storyboard in Resources */,
				1EB323D524A3265A008BEAF8 /* GameScene.sks in Resources */,
				1EB323E024A3265F008BEAF8 /* Assets.xcassets in Resources */,
				1EB323E324A3265F008BEAF8 /* LaunchScreen.storyboard in Resources */,
				1EB323D724A3265A008BEAF8 /* Actions.sks in Resources */,
			);
			runOnlyForDeploymentPostprocessing = 0;
		};
/* End PBXResourcesBuildPhase section */

/* Begin PBXSourcesBuildPhase section */
		1EB323CB24A32659008BEAF8 /* Sources */ = {
			isa = PBXSourcesBuildPhase;
			buildActionMask = 2147483647;
			files = (
				1EB323D924A3265A008BEAF8 /* GameScene.swift in Sources */,
				1EB323DB24A3265A008BEAF8 /* GameViewController.swift in Sources */,
				1EB323ED24A3277A008BEAF8 /* MainMenuScene.swift in Sources */,
				1EB323F224A884E5008BEAF8 /* ShopScene.swift in Sources */,
				1EB323D324A32659008BEAF8 /* AppDelegate.swift in Sources */,
			);
			runOnlyForDeploymentPostprocessing = 0;
		};
/* End PBXSourcesBuildPhase section */

/* Begin PBXVariantGroup section */
		1EB323DC24A3265A008BEAF8 /* Main.storyboard */ = {
			isa = PBXVariantGroup;
			children = (
				1EB323DD24A3265A008BEAF8 /* Base */,
			);
			name = Main.storyboard;
			sourceTree = "<group>";
		};
		1EB323E124A3265F008BEAF8 /* LaunchScreen.storyboard */ = {
			isa = PBXVariantGroup;
			children = (
				1EB323E224A3265F008BEAF8 /* Base */,
			);
			name = LaunchScreen.storyboard;
			sourceTree = "<group>";
		};
/* End PBXVariantGroup section */

/* Begin XCBuildConfiguration section */
		1EB323E524A3265F008BEAF8 /* Debug */ = {
			isa = XCBuildConfiguration;
			buildSettings = {
				ALWAYS_SEARCH_USER_PATHS = NO;
				CLANG_ANALYZER_NONNULL = YES;
				CLANG_ANALYZER_NUMBER_OBJECT_CONVERSION = YES_AGGRESSIVE;
				CLANG_CXX_LANGUAGE_STANDARD = "gnu++14";
				CLANG_CXX_LIBRARY = "libc++";
				CLANG_ENABLE_MODULES = YES;
				CLANG_ENABLE_OBJC_ARC = YES;
				CLANG_ENABLE_OBJC_WEAK = YES;
				CLANG_WARN_BLOCK_CAPTURE_AUTORELEASING = YES;
				CLANG_WARN_BOOL_CONVERSION = YES;
				CLANG_WARN_COMMA = YES;
				CLANG_WARN_CONSTANT_CONVERSION = YES;
				CLANG_WARN_DEPRECATED_OBJC_IMPLEMENTATIONS = YES;
				CLANG_WARN_DIRECT_OBJC_ISA_USAGE = YES_ERROR;
				CLANG_WARN_DOCUMENTATION_COMMENTS = YES;
				CLANG_WARN_EMPTY_BODY = YES;
				CLANG_WARN_ENUM_CONVERSION = YES;
				CLANG_WARN_INFINITE_RECURSION = YES;
				CLANG_WARN_INT_CONVERSION = YES;
				CLANG_WARN_NON_LITERAL_NULL_CONVERSION = YES;
				CLANG_WARN_OBJC_IMPLICIT_RETAIN_SELF = YES;
				CLANG_WARN_OBJC_LITERAL_CONVERSION = YES;
				CLANG_WARN_OBJC_ROOT_CLASS = YES_ERROR;
				CLANG_WARN_RANGE_LOOP_ANALYSIS = YES;
				CLANG_WARN_STRICT_PROTOTYPES = YES;
				CLANG_WARN_SUSPICIOUS_MOVE = YES;
				CLANG_WARN_UNGUARDED_AVAILABILITY = YES_AGGRESSIVE;
				CLANG_WARN_UNREACHABLE_CODE = YES;
				CLANG_WARN__DUPLICATE_METHOD_MATCH = YES;
				COPY_PHASE_STRIP = NO;
				DEBUG_INFORMATION_FORMAT = dwarf;
				ENABLE_STRICT_OBJC_MSGSEND = YES;
				ENABLE_TESTABILITY = YES;
				GCC_C_LANGUAGE_STANDARD = gnu11;
				GCC_DYNAMIC_NO_PIC = NO;
				GCC_NO_COMMON_BLOCKS = YES;
				GCC_OPTIMIZATION_LEVEL = 0;
				GCC_PREPROCESSOR_DEFINITIONS = (
					"DEBUG=1",
					"$(inherited)",
				);
				GCC_WARN_64_TO_32_BIT_CONVERSION = YES;
				GCC_WARN_ABOUT_RETURN_TYPE = YES_ERROR;
				GCC_WARN_UNDECLARED_SELECTOR = YES;
				GCC_WARN_UNINITIALIZED_AUTOS = YES_AGGRESSIVE;
				GCC_WARN_UNUSED_FUNCTION = YES;
				GCC_WARN_UNUSED_VARIABLE = YES;
				IPHONEOS_DEPLOYMENT_TARGET = 13.5;
				MTL_ENABLE_DEBUG_INFO = INCLUDE_SOURCE;
				MTL_FAST_MATH = YES;
				ONLY_ACTIVE_ARCH = YES;
				SDKROOT = iphoneos;
				SWIFT_ACTIVE_COMPILATION_CONDITIONS = DEBUG;
				SWIFT_OPTIMIZATION_LEVEL = "-Onone";
			};
			name = Debug;
		};
		1EB323E624A3265F008BEAF8 /* Release */ = {
			isa = XCBuildConfiguration;
			buildSettings = {
				ALWAYS_SEARCH_USER_PATHS = NO;
				CLANG_ANALYZER_NONNULL = YES;
				CLANG_ANALYZER_NUMBER_OBJECT_CONVERSION = YES_AGGRESSIVE;
				CLANG_CXX_LANGUAGE_STANDARD = "gnu++14";
				CLANG_CXX_LIBRARY = "libc++";
				CLANG_ENABLE_MODULES = YES;
				CLANG_ENABLE_OBJC_ARC = YES;
				CLANG_ENABLE_OBJC_WEAK = YES;
				CLANG_WARN_BLOCK_CAPTURE_AUTORELEASING = YES;
				CLANG_WARN_BOOL_CONVERSION = YES;
				CLANG_WARN_COMMA = YES;
				CLANG_WARN_CONSTANT_CONVERSION = YES;
				CLANG_WARN_DEPRECATED_OBJC_IMPLEMENTATIONS = YES;
				CLANG_WARN_DIRECT_OBJC_ISA_USAGE = YES_ERROR;
				CLANG_WARN_DOCUMENTATION_COMMENTS = YES;
				CLANG_WARN_EMPTY_BODY = YES;
				CLANG_WARN_ENUM_CONVERSION = YES;
				CLANG_WARN_INFINITE_RECURSION = YES;
				CLANG_WARN_INT_CONVERSION = YES;
				CLANG_WARN_NON_LITERAL_NULL_CONVERSION = YES;
				CLANG_WARN_OBJC_IMPLICIT_RETAIN_SELF = YES;
				CLANG_WARN_OBJC_LITERAL_CONVERSION = YES;
				CLANG_WARN_OBJC_ROOT_CLASS = YES_ERROR;
				CLANG_WARN_RANGE_LOOP_ANALYSIS = YES;
				CLANG_WARN_STRICT_PROTOTYPES = YES;
				CLANG_WARN_SUSPICIOUS_MOVE = YES;
				CLANG_WARN_UNGUARDED_AVAILABILITY = YES_AGGRESSIVE;
				CLANG_WARN_UNREACHABLE_CODE = YES;
				CLANG_WARN__DUPLICATE_METHOD_MATCH = YES;
				COPY_PHASE_STRIP = NO;
				DEBUG_INFORMATION_FORMAT = "dwarf-with-dsym";
				ENABLE_NS_ASSERTIONS = NO;
				ENABLE_STRICT_OBJC_MSGSEND = YES;
				GCC_C_LANGUAGE_STANDARD = gnu11;
				GCC_NO_COMMON_BLOCKS = YES;
				GCC_WARN_64_TO_32_BIT_CONVERSION = YES;
				GCC_WARN_ABOUT_RETURN_TYPE = YES_ERROR;
				GCC_WARN_UNDECLARED_SELECTOR = YES;
				GCC_WARN_UNINITIALIZED_AUTOS = YES_AGGRESSIVE;
				GCC_WARN_UNUSED_FUNCTION = YES;
				GCC_WARN_UNUSED_VARIABLE = YES;
				IPHONEOS_DEPLOYMENT_TARGET = 13.5;
				MTL_ENABLE_DEBUG_INFO = NO;
				MTL_FAST_MATH = YES;
				SDKROOT = iphoneos;
				SWIFT_COMPILATION_MODE = wholemodule;
				SWIFT_OPTIMIZATION_LEVEL = "-O";
				VALIDATE_PRODUCT = YES;
			};
			name = Release;
		};
		1EB323E824A3265F008BEAF8 /* Debug */ = {
			isa = XCBuildConfiguration;
			buildSettings = {
				ASSETCATALOG_COMPILER_APPICON_NAME = AppIcon;
				CODE_SIGN_STYLE = Automatic;
				DEVELOPMENT_TEAM = 3X32246G59;
				INFOPLIST_FILE = PigPopper/Info.plist;
				LD_RUNPATH_SEARCH_PATHS = (
					"$(inherited)",
					"@executable_path/Frameworks",
				);
				PRODUCT_BUNDLE_IDENTIFIER = com.evancorriere.PigPopper;
				PRODUCT_NAME = "$(TARGET_NAME)";
				SWIFT_VERSION = 5.0;
				TARGETED_DEVICE_FAMILY = "1,2";
			};
			name = Debug;
		};
		1EB323E924A3265F008BEAF8 /* Release */ = {
			isa = XCBuildConfiguration;
			buildSettings = {
				ASSETCATALOG_COMPILER_APPICON_NAME = AppIcon;
				CODE_SIGN_STYLE = Automatic;
				DEVELOPMENT_TEAM = 3X32246G59;
				INFOPLIST_FILE = PigPopper/Info.plist;
				LD_RUNPATH_SEARCH_PATHS = (
					"$(inherited)",
					"@executable_path/Frameworks",
				);
				PRODUCT_BUNDLE_IDENTIFIER = com.evancorriere.PigPopper;
				PRODUCT_NAME = "$(TARGET_NAME)";
				SWIFT_VERSION = 5.0;
				TARGETED_DEVICE_FAMILY = "1,2";
			};
			name = Release;
		};
/* End XCBuildConfiguration section */

/* Begin XCConfigurationList section */
		1EB323CA24A32659008BEAF8 /* Build configuration list for PBXProject "PigPopper" */ = {
			isa = XCConfigurationList;
			buildConfigurations = (
				1EB323E524A3265F008BEAF8 /* Debug */,
				1EB323E624A3265F008BEAF8 /* Release */,
			);
			defaultConfigurationIsVisible = 0;
			defaultConfigurationName = Release;
		};
		1EB323E724A3265F008BEAF8 /* Build configuration list for PBXNativeTarget "PigPopper" */ = {
			isa = XCConfigurationList;
			buildConfigurations = (
				1EB323E824A3265F008BEAF8 /* Debug */,
				1EB323E924A3265F008BEAF8 /* Release */,
			);
			defaultConfigurationIsVisible = 0;
			defaultConfigurationName = Release;
		};
/* End XCConfigurationList section */
	};
	rootObject = 1EB323C724A32659008BEAF8 /* Project object */;
}
